{
  "lockfile_version": "1",
  "packages": {
    "gnumake@4.4.1": {
      "last_modified": "2024-12-03T12:40:06Z",
      "resolved": "github:NixOS/nixpkgs/566e53c2ad750c84f6d31f9ccb9d00f823165550#gnumake",
      "source": "devbox-search",
      "version": "4.4.1",
      "systems": {
        "aarch64-darwin": {
          "outputs": [
            {
              "name": "out",
              "path": "/nix/store/j2mshll8lvgc21dbmjyfcvlj98z4pl2f-gnumake-4.4.1",
              "default": true
            },
            {
              "name": "man",
              "path": "/nix/store/xf2ipc0w3wr5ymqai8dm940sw3a7xk69-gnumake-4.4.1-man",
              "default": true
            },
            {
              "name": "info",
              "path": "/nix/store/1q1mx4697p2366yf45mhrsxm415gmvh8-gnumake-4.4.1-info"
            }
          ],
          "store_path": "/nix/store/j2mshll8lvgc21dbmjyfcvlj98z4pl2f-gnumake-4.4.1"
        },
        "aarch64-linux": {
          "outputs": [
            {
              "name": "out",
              "path": "/nix/store/zwyip85vjf7972r2q71vrx9fppv7j816-gnumake-4.4.1",
              "default": true
            },
            {
              "name": "man",
              "path": "/nix/store/kkpyxq7m54gqpf7z1kjm0fkgp2i748mh-gnumake-4.4.1-man",
              "default": true
            },
            {
              "name": "debug",
              "path": "/nix/store/djip0r8g0bhyspna7zs1wdx6kl29h8dz-gnumake-4.4.1-debug"
            },
            {
              "name": "info",
              "path": "/nix/store/l3k5d0h7b6rffm97rmvrxqsk1ybpk1vc-gnumake-4.4.1-info"
            }
          ],
          "store_path": "/nix/store/zwyip85vjf7972r2q71vrx9fppv7j816-gnumake-4.4.1"
        },
        "x86_64-darwin": {
          "outputs": [
            {
              "name": "out",
              "path": "/nix/store/rhra8sm6f4mlxg2p9qwr7cig1zlfwhgq-gnumake-4.4.1",
              "default": true
            },
            {
              "name": "man",
              "path": "/nix/store/2n5zqv14340b1d71gcvxg22kk6wgm09m-gnumake-4.4.1-man",
              "default": true
            },
            {
              "name": "info",
              "path": "/nix/store/rxrkjmfi95mzymfclx1szm61p3pygd6k-gnumake-4.4.1-info"
            }
          ],
          "store_path": "/nix/store/rhra8sm6f4mlxg2p9qwr7cig1zlfwhgq-gnumake-4.4.1"
        },
        "x86_64-linux": {
          "outputs": [
            {
              "name": "out",
              "path": "/nix/store/zmdi3226094qc355n9ffhp5an9shpp2d-gnumake-4.4.1",
              "default": true
            },
            {
              "name": "man",
              "path": "/nix/store/a5kmw72gkf1isyq6xakvmrkfsvqs0gcg-gnumake-4.4.1-man",
              "default": true
            },
            {
              "name": "debug",
              "path": "/nix/store/9q813q8jf9gni01rv1s482mpqh78l806-gnumake-4.4.1-debug"
            },
            {
              "name": "info",
              "path": "/nix/store/cpnb2dpvx8ilq1y2h9cpm4zrsyi1gd4a-gnumake-4.4.1-info"
            }
          ],
          "store_path": "/nix/store/zmdi3226094qc355n9ffhp5an9shpp2d-gnumake-4.4.1"
        }
      }
    },
    "go@1.23.4": {
      "last_modified": "2024-12-23T21:10:33Z",
      "resolved": "github:NixOS/nixpkgs/de1864217bfa9b5845f465e771e0ecb48b30e02d#go",
      "source": "devbox-search",
      "version": "1.23.4",
      "systems": {
        "aarch64-darwin": {
          "outputs": [
            {
              "name": "out",
              "path": "/nix/store/bva4mymi5b2lhvvbccx8ipws89rar1d8-go-1.23.4",
              "default": true
            }
          ],
          "store_path": "/nix/store/bva4mymi5b2lhvvbccx8ipws89rar1d8-go-1.23.4"
        },
        "aarch64-linux": {
          "outputs": [
            {
              "name": "out",
              "path": "/nix/store/9lvi0l2yf6bwamsjs5d5n9i57c6kbd2c-go-1.23.4",
              "default": true
            }
          ],
          "store_path": "/nix/store/9lvi0l2yf6bwamsjs5d5n9i57c6kbd2c-go-1.23.4"
        },
        "x86_64-darwin": {
          "outputs": [
            {
              "name": "out",
              "path": "/nix/store/sf1y7x29wvp9lppx5ya9h5b42fcmxb32-go-1.23.4",
              "default": true
            }
          ],
          "store_path": "/nix/store/sf1y7x29wvp9lppx5ya9h5b42fcmxb32-go-1.23.4"
        },
        "x86_64-linux": {
          "outputs": [
            {
              "name": "out",
              "path": "/nix/store/jfv85qbj4vb1dafcg6kncg4vrbq2bbxv-go-1.23.4",
              "default": true
            }
          ],
          "store_path": "/nix/store/jfv85qbj4vb1dafcg6kncg4vrbq2bbxv-go-1.23.4"
        }
      }
    },
    "golangci-lint@1.62.2": {
      "last_modified": "2024-12-23T21:10:33Z",
      "resolved": "github:NixOS/nixpkgs/de1864217bfa9b5845f465e771e0ecb48b30e02d#golangci-lint",
      "source": "devbox-search",
      "version": "1.62.2",
      "systems": {
        "aarch64-darwin": {
          "outputs": [
            {
              "name": "out",
              "path": "/nix/store/5liapbkl2xs5kww2wvs2yv8grhcaswwl-golangci-lint-1.62.2",
              "default": true
            }
          ],
          "store_path": "/nix/store/5liapbkl2xs5kww2wvs2yv8grhcaswwl-golangci-lint-1.62.2"
        },
        "aarch64-linux": {
          "outputs": [
            {
              "name": "out",
              "path": "/nix/store/87ihwdp39vxi97q0bfv8isw2p1pyz257-golangci-lint-1.62.2",
              "default": true
            }
          ],
          "store_path": "/nix/store/87ihwdp39vxi97q0bfv8isw2p1pyz257-golangci-lint-1.62.2"
        },
        "x86_64-darwin": {
          "outputs": [
            {
              "name": "out",
              "path": "/nix/store/73jfn21by312v2jawvmb9rkjhls28ry7-golangci-lint-1.62.2",
              "default": true
            }
          ],
          "store_path": "/nix/store/73jfn21by312v2jawvmb9rkjhls28ry7-golangci-lint-1.62.2"
        },
        "x86_64-linux": {
          "outputs": [
            {
              "name": "out",
              "path": "/nix/store/rzvlg3gzv8cgr4qpvsxx1q8pmgdl9j95-golangci-lint-1.62.2",
              "default": true
            }
          ],
          "store_path": "/nix/store/rzvlg3gzv8cgr4qpvsxx1q8pmgdl9j95-golangci-lint-1.62.2"
        }
      }
    },
    "goreleaser@2.5.0": {
      "last_modified": "2024-12-23T21:10:33Z",
      "resolved": "github:NixOS/nixpkgs/de1864217bfa9b5845f465e771e0ecb48b30e02d#goreleaser",
      "source": "devbox-search",
      "version": "2.5.0",
      "systems": {
        "aarch64-darwin": {
          "outputs": [
            {
              "name": "out",
              "path": "/nix/store/hzjvqmncvdparwa3z982wa4w61l5amp2-goreleaser-2.5.0",
              "default": true
            }
          ],
          "store_path": "/nix/store/hzjvqmncvdparwa3z982wa4w61l5amp2-goreleaser-2.5.0"
        },
        "aarch64-linux": {
          "outputs": [
            {
              "name": "out",
              "path": "/nix/store/ajbqv2sy1fd7rl1vwb5l5p2vg6jh7xj8-goreleaser-2.5.0",
              "default": true
            }
          ],
          "store_path": "/nix/store/ajbqv2sy1fd7rl1vwb5l5p2vg6jh7xj8-goreleaser-2.5.0"
        },
        "x86_64-darwin": {
          "outputs": [
            {
              "name": "out",
              "path": "/nix/store/q990b110bj4sqlszzlz7l2yplm7h2pl8-goreleaser-2.5.0",
              "default": true
            }
          ],
          "store_path": "/nix/store/q990b110bj4sqlszzlz7l2yplm7h2pl8-goreleaser-2.5.0"
        },
        "x86_64-linux": {
          "outputs": [
            {
              "name": "out",
              "path": "/nix/store/l2c2ksqwkmdrjri613jq4z13d8z68ja9-goreleaser-2.5.0",
              "default": true
            }
          ],
          "store_path": "/nix/store/l2c2ksqwkmdrjri613jq4z13d8z68ja9-goreleaser-2.5.0"
        }
      }
    },
    "kind@0.24.0": {
      "last_modified": "2024-12-03T12:40:06Z",
      "resolved": "github:NixOS/nixpkgs/566e53c2ad750c84f6d31f9ccb9d00f823165550#kind",
      "source": "devbox-search",
      "version": "0.24.0",
      "systems": {
        "aarch64-darwin": {
          "outputs": [
            {
              "name": "out",
              "path": "/nix/store/na5pm2mpclxn6i9mcdnfmbba2gmh2f1y-kind-0.24.0",
              "default": true
            }
          ],
          "store_path": "/nix/store/na5pm2mpclxn6i9mcdnfmbba2gmh2f1y-kind-0.24.0"
        },
        "aarch64-linux": {
          "outputs": [
            {
              "name": "out",
              "path": "/nix/store/vwkcf7lfvmifzdqly937i10lglfx7mar-kind-0.24.0",
              "default": true
            }
          ],
          "store_path": "/nix/store/vwkcf7lfvmifzdqly937i10lglfx7mar-kind-0.24.0"
        },
        "x86_64-darwin": {
          "outputs": [
            {
              "name": "out",
              "path": "/nix/store/la82f85krswj9vm03i82llqf8c76kk35-kind-0.24.0",
              "default": true
            }
          ],
          "store_path": "/nix/store/la82f85krswj9vm03i82llqf8c76kk35-kind-0.24.0"
        },
        "x86_64-linux": {
          "outputs": [
            {
              "name": "out",
              "path": "/nix/store/whc08b6ammwjpfg1lmf84036j9zqb40q-kind-0.24.0",
              "default": true
            }
          ],
          "store_path": "/nix/store/whc08b6ammwjpfg1lmf84036j9zqb40q-kind-0.24.0"
        }
      }
    },
    "kubebuilder@4.3.1": {
      "last_modified": "2024-12-23T21:10:33Z",
      "resolved": "github:NixOS/nixpkgs/de1864217bfa9b5845f465e771e0ecb48b30e02d#kubebuilder",
      "source": "devbox-search",
      "version": "4.3.1",
      "systems": {
        "aarch64-darwin": {
          "outputs": [
            {
              "name": "out",
              "path": "/nix/store/52rsl6v361qa8vvjn74v0gif83msy8bh-kubebuilder-4.3.1",
              "default": true
            }
          ],
          "store_path": "/nix/store/52rsl6v361qa8vvjn74v0gif83msy8bh-kubebuilder-4.3.1"
        },
        "aarch64-linux": {
          "outputs": [
            {
              "name": "out",
              "path": "/nix/store/w1cq26c6b1giyi49gagdvwjsdricihcr-kubebuilder-4.3.1",
              "default": true
            }
          ],
          "store_path": "/nix/store/w1cq26c6b1giyi49gagdvwjsdricihcr-kubebuilder-4.3.1"
        },
        "x86_64-darwin": {
          "outputs": [
            {
              "name": "out",
              "path": "/nix/store/hvycgqfnh66hpy7j5crf36q7708iqlz3-kubebuilder-4.3.1",
              "default": true
            }
          ],
          "store_path": "/nix/store/hvycgqfnh66hpy7j5crf36q7708iqlz3-kubebuilder-4.3.1"
        },
        "x86_64-linux": {
          "outputs": [
            {
              "name": "out",
              "path": "/nix/store/p2i1p09dmxrj7czsxhaalrng4fhl5s1z-kubebuilder-4.3.1",
              "default": true
            }
          ],
          "store_path": "/nix/store/p2i1p09dmxrj7czsxhaalrng4fhl5s1z-kubebuilder-4.3.1"
        }
      }
    },
    "kubectl@1.25.3": {
      "last_modified": "2022-11-10T13:14:32Z",
      "resolved": "github:NixOS/nixpkgs/72d8853228c9758820c39b8659415b6d89279493#kubectl",
      "source": "devbox-search",
      "version": "1.25.3",
      "systems": {
        "aarch64-linux": {
          "outputs": [
            {
              "name": "out",
              "path": "/nix/store/y0z32h1k75x91yfawn4nkkb17xf7yb4c-kubectl-1.25.3",
              "default": true
            },
            {
              "name": "man",
              "path": "/nix/store/y0r0c7xr8svngvig4c6p8rvwb9rcyq4f-kubectl-1.25.3-man",
              "default": true
            },
            {
              "name": "convert",
              "path": "/nix/store/5pgf3flgm2y0q5gn6m8qw5gkpn2mxls6-kubectl-1.25.3-convert"
            }
          ],
          "store_path": "/nix/store/y0z32h1k75x91yfawn4nkkb17xf7yb4c-kubectl-1.25.3"
        },
        "x86_64-linux": {
          "outputs": [
            {
              "name": "out",
              "path": "/nix/store/c2s4295wlbfax2njfm60yr80hbnx4mzp-kubectl-1.25.3",
              "default": true
            },
            {
              "name": "man",
              "path": "/nix/store/7nq9f46pxd0p56i43cz5gk3rq7km0nsk-kubectl-1.25.3-man",
              "default": true
            },
            {
              "name": "convert",
              "path": "/nix/store/2vnwf48fv0x7kvr42d0wm3kll1agsifc-kubectl-1.25.3-convert"
            }
          ],
          "store_path": "/nix/store/c2s4295wlbfax2njfm60yr80hbnx4mzp-kubectl-1.25.3"
        }
      }
    },
    "kubernetes-helm@3.16.3": {
      "last_modified": "2024-12-03T12:40:06Z",
      "resolved": "github:NixOS/nixpkgs/566e53c2ad750c84f6d31f9ccb9d00f823165550#kubernetes-helm",
      "source": "devbox-search",
      "version": "3.16.3",
      "systems": {
        "aarch64-darwin": {
          "outputs": [
            {
              "name": "out",
              "path": "/nix/store/ppr8wia2hmshknp9yfhr7ivqqigqqq4j-kubernetes-helm-3.16.3",
              "default": true
            }
          ],
          "store_path": "/nix/store/ppr8wia2hmshknp9yfhr7ivqqigqqq4j-kubernetes-helm-3.16.3"
        },
        "aarch64-linux": {
          "outputs": [
            {
              "name": "out",
              "path": "/nix/store/vsps7v36p9nbx08v8c7x1a36mmknhacy-kubernetes-helm-3.16.3",
              "default": true
            }
          ],
          "store_path": "/nix/store/vsps7v36p9nbx08v8c7x1a36mmknhacy-kubernetes-helm-3.16.3"
        },
        "x86_64-darwin": {
          "outputs": [
            {
              "name": "out",
              "path": "/nix/store/8xbrzsfv1q0kkranniy99fcszpwmjglr-kubernetes-helm-3.16.3",
              "default": true
            }
          ],
          "store_path": "/nix/store/8xbrzsfv1q0kkranniy99fcszpwmjglr-kubernetes-helm-3.16.3"
        },
        "x86_64-linux": {
          "outputs": [
            {
              "name": "out",
              "path": "/nix/store/nyrghdw5xi4kiwbsw6vdvnnyra5cy0x7-kubernetes-helm-3.16.3",
              "default": true
            }
          ],
          "store_path": "/nix/store/nyrghdw5xi4kiwbsw6vdvnnyra5cy0x7-kubernetes-helm-3.16.3"
        }
      }
    },
    "kustomize@5.5.0": {
      "last_modified": "2024-11-28T07:51:56Z",
      "resolved": "github:NixOS/nixpkgs/226216574ada4c3ecefcbbec41f39ce4655f78ef#kustomize",
      "source": "devbox-search",
      "version": "5.5.0",
      "systems": {
        "aarch64-darwin": {
          "outputs": [
            {
              "name": "out",
              "path": "/nix/store/97pzcar8sbmpd7mj2555iqr54lj3y0xb-kustomize-5.5.0",
              "default": true
            }
          ],
          "store_path": "/nix/store/97pzcar8sbmpd7mj2555iqr54lj3y0xb-kustomize-5.5.0"
        },
        "aarch64-linux": {
          "outputs": [
            {
              "name": "out",
              "path": "/nix/store/sjvam8hhzbqwg7r2b6m41yds8vjcbyfg-kustomize-5.5.0",
              "default": true
            }
          ],
          "store_path": "/nix/store/sjvam8hhzbqwg7r2b6m41yds8vjcbyfg-kustomize-5.5.0"
        },
        "x86_64-darwin": {
          "outputs": [
            {
              "name": "out",
              "path": "/nix/store/g2r3q1iw83z5knibpp7lfg1d28ln2gzv-kustomize-5.5.0",
              "default": true
            }
          ],
          "store_path": "/nix/store/g2r3q1iw83z5knibpp7lfg1d28ln2gzv-kustomize-5.5.0"
        },
        "x86_64-linux": {
          "outputs": [
            {
              "name": "out",
              "path": "/nix/store/gjpp6303g6akd5p29mjdnfgx1hmsygds-kustomize-5.5.0",
              "default": true
            }
          ],
          "store_path": "/nix/store/gjpp6303g6akd5p29mjdnfgx1hmsygds-kustomize-5.5.0"
        }
      }
    }
  }
}
